{
  "version": 2,
  "dependencies": {
    "net8.0": {
      "Azure.Extensions.AspNetCore.DataProtection.Blobs": {
        "type": "Direct",
        "requested": "[1.3.2, )",
        "resolved": "1.3.2",
        "contentHash": "Q9ovQbOu01s0rZhvyyQ+JXZPW29OWrGr8LoPDRE2uFcuJp1wrnfbvTqBaZWaDH83jH1I/ESUPOWDiIOWdl7OJw==",
        "dependencies": {
          "Azure.Core": "1.30.0",
          "Azure.Storage.Blobs": "12.13.1",
          "Microsoft.AspNetCore.DataProtection": "3.1.32"
        }
      },
      "Azure.Identity": {
        "type": "Direct",
        "requested": "[1.12.0, )",
        "resolved": "1.12.0",
        "contentHash": "OBIM3aPz8n9oEO5fdnee+Vsc5Nl4W3FeslPpESyDiyByntQI5BAa76KD60eFXm9ulevnwxGZP9YXL8Y+paI5Uw==",
        "dependencies": {
          "Azure.Core": "1.40.0",
          "Microsoft.Identity.Client": "4.61.3",
          "Microsoft.Identity.Client.Extensions.Msal": "4.61.3",
          "System.Memory": "4.5.4",
          "System.Security.Cryptography.ProtectedData": "4.7.0",
          "System.Text.Json": "4.7.2",
          "System.Threading.Tasks.Extensions": "4.5.4"
        }
      },
      "Meziantou.Analyzer": {
        "type": "Direct",
        "requested": "[2.0.150, )",
        "resolved": "2.0.150",
        "contentHash": "rXKN4/Cf58Pv7uUWk4wcZtY+J9mve6wA1BHGYAf9SlpmiayA5fJ4wK2lflIwAkVo8n8HyNCeY3Ej4jwCdLk5nA=="
      },
      "Microsoft.AspNetCore.Authentication.JwtBearer": {
        "type": "Direct",
        "requested": "[7.0.5, )",
        "resolved": "7.0.5",
        "contentHash": "dS6LPC7ZwJUcxcnB7KBh5L7iO9dbzEuVrNv2YrtiUCclcvBCfCJ/UKlvgHedjd4VcB6bzHcj3sEmFZlfH6qH0Q==",
        "dependencies": {
          "Microsoft.IdentityModel.Protocols.OpenIdConnect": "6.15.1"
        }
      },
      "Microsoft.AspNetCore.Authentication.OpenIdConnect": {
        "type": "Direct",
        "requested": "[8.0.0, )",
        "resolved": "8.0.0",
        "contentHash": "vBAcj4GpCpvJXIXFnYXDVF0yQtsRAaGib+DiMc79KZNyb/TKhxpoHQwOP7v3aMAoIqUC0HUbf1RQJUoOygakbQ==",
        "dependencies": {
          "Microsoft.IdentityModel.Protocols.OpenIdConnect": "7.0.3"
        }
      },
      "Microsoft.AspNetCore.Http.Abstractions": {
        "type": "Direct",
        "requested": "[2.2.0, )",
        "resolved": "2.2.0",
        "contentHash": "Nxs7Z1q3f1STfLYKJSVXCs1iBl+Ya6E8o4Oy1bCxJ/rNI44E/0f6tbsrVqAWfB7jlnJfyaAtIalBVxPKUPQb4Q==",
        "dependencies": {
          "Microsoft.AspNetCore.Http.Features": "2.2.0",
          "System.Text.Encodings.Web": "4.5.0"
        }
      },
      "Microsoft.CodeAnalysis.BannedApiAnalyzers": {
        "type": "Direct",
        "requested": "[3.11.0-beta1.24219.2, )",
        "resolved": "3.11.0-beta1.24219.2",
        "contentHash": "DE5050RuYJv4BWpL7qGhgr/MXil7hNMDgwJQsIgROb8hiqEZPaiRO/dwop/nqG3pMyFtQI6P+/NTz9mPcGitiQ=="
      },
      "Microsoft.Extensions.DependencyInjection.Abstractions": {
        "type": "Direct",
        "requested": "[7.0.0, )",
        "resolved": "7.0.0",
        "contentHash": "h3j/QfmFN4S0w4C2A6X7arXij/M/OVw3uQHSOFxnND4DyAzO1F9eMX7Eti7lU/OkSthEE0WzRsfT/Dmx86jzCw=="
      },
      "Roslynator.Analyzers": {
        "type": "Direct",
        "requested": "[4.12.3, )",
        "resolved": "4.12.3",
        "contentHash": "6+O9GwAxOxJr1rZ4aaLiBiSH3pxDkJuXLE8qjo/JXLvGkZhKRLbAz30WA32RmJb5Nn1TmjZ2T3kWt3GJmEDj1w=="
      },
      "Roslynator.Formatting.Analyzers": {
        "type": "Direct",
        "requested": "[4.12.3, )",
        "resolved": "4.12.3",
        "contentHash": "zjaS+dUapHIxqE6izJ3VpLLAyvQ/JFVfu1RJI5vPunG2MBCClBBsXRkdz0LrmC3zRiX+NprHO//9EnmdMwl4/w=="
      },
      "Swashbuckle.AspNetCore": {
        "type": "Direct",
        "requested": "[6.7.0, )",
        "resolved": "6.7.0",
        "contentHash": "nrkZMoflCvTKj2yckJ1k/tQu53IRGHYkKp7ESiQETkAaUXzn05CYlCl/DY9kBBbFqefHWIwC/9VmYisD44jqlA==",
        "dependencies": {
          "Microsoft.Extensions.ApiDescription.Server": "6.0.5",
          "Swashbuckle.AspNetCore.Swagger": "6.7.0",
          "Swashbuckle.AspNetCore.SwaggerGen": "6.7.0",
          "Swashbuckle.AspNetCore.SwaggerUI": "6.7.0"
        }
      },
      "Azure.Core": {
        "type": "Transitive",
        "resolved": "1.40.0",
        "contentHash": "eOx6wk3kQ3SCnoAj7IytAu/d99l07PdarmUc+RmMkVOTkcQ3s+UQEaGzMyEqC2Ua4SKnOW4Xw/klLeB5V2PiSA==",
        "dependencies": {
          "Microsoft.Bcl.AsyncInterfaces": "1.1.1",
          "System.ClientModel": "1.0.0",
          "System.Diagnostics.DiagnosticSource": "6.0.1",
          "System.Memory.Data": "1.0.2",
          "System.Numerics.Vectors": "4.5.0",
          "System.Text.Encodings.Web": "4.7.2",
          "System.Text.Json": "4.7.2",
          "System.Threading.Tasks.Extensions": "4.5.4"
        }
      },
      "Azure.Storage.Blobs": {
        "type": "Transitive",
        "resolved": "12.13.1",
        "contentHash": "bEJUFBS9wTk/ZJmJBsm/GktZenl2GVkxLHNC7SkeCd0cfKC1MP11EXV7e0NDySsFDEEjjGACb8Fau6lPTmXdsg==",
        "dependencies": {
          "Azure.Storage.Common": "12.12.0",
          "System.Text.Json": "4.7.2"
        }
      },
      "Azure.Storage.Common": {
        "type": "Transitive",
        "resolved": "12.12.0",
        "contentHash": "Ms0XsZ/D9Pcudfbqj+rWeCkhx/ITEq8isY0jkor9JFmDAEHsItFa2XrWkzP3vmJU6EsXQrk4snH63HkW/Jksvg==",
        "dependencies": {
          "Azure.Core": "1.25.0",
          "System.IO.Hashing": "6.0.0"
        }
      },
      "Microsoft.AspNetCore.Cryptography.Internal": {
        "type": "Transitive",
        "resolved": "3.1.32",
        "contentHash": "tULjwFie6fYm4o6WfD+aHTTrps2I22MQVZpmEWaJumFmzZWA1nHsKezuCBl/u/iKiXtN3npL6MoINaiLHURr/A=="
      },
      "Microsoft.AspNetCore.DataProtection": {
        "type": "Transitive",
        "resolved": "3.1.32",
        "contentHash": "D46awzK+Q0jP7Bq0cQlsxQrhg7MBhlxG2z+U+9EzcbjcjaDzQvaD5/cxD+qKdu9bHMcSFf9fMr5wizSBPPai1Q==",
        "dependencies": {
          "Microsoft.AspNetCore.Cryptography.Internal": "3.1.32",
          "Microsoft.AspNetCore.DataProtection.Abstractions": "3.1.32",
          "Microsoft.Extensions.DependencyInjection.Abstractions": "3.1.32",
          "Microsoft.Extensions.Hosting.Abstractions": "3.1.32",
          "Microsoft.Extensions.Logging.Abstractions": "3.1.32",
          "Microsoft.Extensions.Options": "3.1.32",
          "Microsoft.Win32.Registry": "4.7.0",
          "System.Security.Cryptography.Xml": "4.7.1"
        }
      },
      "Microsoft.AspNetCore.DataProtection.Abstractions": {
        "type": "Transitive",
        "resolved": "3.1.32",
        "contentHash": "MPL4iVyiaRxnOUY5VATHjvhDWaAEFb77KFiUxVRklv3Z3v+STofUr1UG/aCt1O9cgN7FVTDaC5A7U+zsLub8Xg=="
      },
      "Microsoft.AspNetCore.Http.Features": {
        "type": "Transitive",
        "resolved": "2.2.0",
        "contentHash": "ziFz5zH8f33En4dX81LW84I6XrYXKf9jg6aM39cM+LffN9KJahViKZ61dGMSO2gd3e+qe5yBRwsesvyqlZaSMg==",
        "dependencies": {
          "Microsoft.Extensions.Primitives": "2.2.0"
        }
      },
      "Microsoft.Bcl.AsyncInterfaces": {
        "type": "Transitive",
        "resolved": "1.1.1",
        "contentHash": "yuvf07qFWFqtK3P/MRkEKLhn5r2UbSpVueRziSqj0yJQIKFwG1pq9mOayK3zE5qZCTs0CbrwL9M6R8VwqyGy2w=="
      },
      "Microsoft.Extensions.ApiDescription.Server": {
        "type": "Transitive",
        "resolved": "6.0.5",
        "contentHash": "Ckb5EDBUNJdFWyajfXzUIMRkhf52fHZOQuuZg/oiu8y7zDCVwD0iHhew6MnThjHmevanpxL3f5ci2TtHQEN6bw=="
      },
      "Microsoft.Extensions.Configuration.Abstractions": {
        "type": "Transitive",
        "resolved": "3.1.32",
        "contentHash": "w8WEwVFYbTkoDQ/eJgGUPiL4SqZOiIVBkGxbkmnJAWnFxRigFk4WZla/3MDkN9fGSis6JwJfc57YgnleTw48AA==",
        "dependencies": {
          "Microsoft.Extensions.Primitives": "3.1.32"
        }
      },
      "Microsoft.Extensions.FileProviders.Abstractions": {
        "type": "Transitive",
        "resolved": "3.1.32",
        "contentHash": "sS+U28IfgZSQUS2b3MayPdYGBJlHOWwgnfAZ77bZLkgU0z+lJz7lgzrKQUm9SgKF+OAc5B9kWJV5PB6l7mWWZA==",
        "dependencies": {
          "Microsoft.Extensions.Primitives": "3.1.32"
        }
      },
      "Microsoft.Extensions.Hosting.Abstractions": {
        "type": "Transitive",
        "resolved": "3.1.32",
        "contentHash": "00J6eE920t5vfPnEHBSGyj1Ya9lG6WYsMwqvLZ0nMPPTD2UxkaL+FNJM5DNSnMFJtV84KkUudPRngmNiCkqhuA==",
        "dependencies": {
          "Microsoft.Extensions.Configuration.Abstractions": "3.1.32",
          "Microsoft.Extensions.DependencyInjection.Abstractions": "3.1.32",
          "Microsoft.Extensions.FileProviders.Abstractions": "3.1.32",
          "Microsoft.Extensions.Logging.Abstractions": "3.1.32"
        }
      },
      "Microsoft.Extensions.Logging.Abstractions": {
        "type": "Transitive",
        "resolved": "3.1.32",
        "contentHash": "BShtU4APsEGa72vaj42rHc8CW40xpFp1dousoNeziHwOUFJLNOJP2wxKX2jyfer0nFaLSkIMtgKn+qeJtS3Pcw=="
      },
      "Microsoft.Extensions.Options": {
        "type": "Transitive",
        "resolved": "3.1.32",
        "contentHash": "JRX2+OxOC/jqWrkyjJZstpe0NdY/HfOJNPOzVkMxqCxTirecIYfaKXAms4HDsEKl3i6CD8jDkwHyv3fyWZO6hQ==",
        "dependencies": {
          "Microsoft.Extensions.DependencyInjection.Abstractions": "3.1.32",
          "Microsoft.Extensions.Primitives": "3.1.32"
        }
      },
      "Microsoft.Extensions.Primitives": {
        "type": "Transitive",
        "resolved": "3.1.32",
        "contentHash": "N8lTVwdjR+df9Sx3VdHfrecV6zl8KQoAx7kQXJ3rYwQBEw2vuZM0LKVAqjnaA/TBC8ZKnt99ptwH5iaEOxBuYQ=="
      },
      "Microsoft.Identity.Client": {
        "type": "Transitive",
        "resolved": "4.61.3",
        "contentHash": "naJo/Qm35Caaoxp5utcw+R8eU8ZtLz2ALh8S+gkekOYQ1oazfCQMWVT4NJ/FnHzdIJlm8dMz0oMpMGCabx5odA==",
        "dependencies": {
          "Microsoft.IdentityModel.Abstractions": "6.35.0",
          "System.Diagnostics.DiagnosticSource": "6.0.1"
        }
      },
      "Microsoft.Identity.Client.Extensions.Msal": {
        "type": "Transitive",
        "resolved": "4.61.3",
        "contentHash": "PWnJcznrSGr25MN8ajlc2XIDW4zCFu0U6FkpaNLEWLgd1NgFCp5uDY3mqLDgM8zCN8hqj8yo5wHYfLB2HjcdGw==",
        "dependencies": {
          "Microsoft.Identity.Client": "4.61.3",
          "System.Security.Cryptography.ProtectedData": "4.5.0"
        }
      },
      "Microsoft.IdentityModel.Abstractions": {
        "type": "Transitive",
        "resolved": "7.0.3",
        "contentHash": "cfPUWdjigLIRIJSKz3uaZxShgf86RVDXHC1VEEchj1gnY25akwPYpbrfSoIGDCqA9UmOMdlctq411+2pAViFow=="
      },
      "Microsoft.IdentityModel.JsonWebTokens": {
        "type": "Transitive",
        "resolved": "7.0.3",
        "contentHash": "vxjHVZbMKD3rVdbvKhzAW+7UiFrYToUVm3AGmYfKSOAwyhdLl/ELX1KZr+FaLyyS5VReIzWRWJfbOuHM9i6ywg==",
        "dependencies": {
          "Microsoft.IdentityModel.Tokens": "7.0.3"
        }
      },
      "Microsoft.IdentityModel.Logging": {
        "type": "Transitive",
        "resolved": "7.0.3",
        "contentHash": "b6GbGO+2LOTBEccHhqoJsOsmemG4A/MY+8H0wK/ewRhiG+DCYwEnucog1cSArPIY55zcn+XdZl0YEiUHkpDISQ==",
        "dependencies": {
          "Microsoft.IdentityModel.Abstractions": "7.0.3"
        }
      },
      "Microsoft.IdentityModel.Protocols": {
        "type": "Transitive",
        "resolved": "7.0.3",
        "contentHash": "BtwR+tctBYhPNygyZmt1Rnw74GFrJteW+1zcdIgyvBCjkek6cNwPPqRfdhzCv61i+lwyNomRi8+iI4QKd4YCKA==",
        "dependencies": {
          "Microsoft.IdentityModel.Logging": "7.0.3",
          "Microsoft.IdentityModel.Tokens": "7.0.3"
        }
      },
      "Microsoft.IdentityModel.Protocols.OpenIdConnect": {
        "type": "Transitive",
        "resolved": "7.0.3",
        "contentHash": "W97TraHApDNArLwpPcXfD+FZH7njJsfEwZE9y9BoofeXMS8H0LBBobz0VOmYmMK4mLdOKxzN7SFT3Ekg0FWI3Q==",
        "dependencies": {
          "Microsoft.IdentityModel.Protocols": "7.0.3",
          "System.IdentityModel.Tokens.Jwt": "7.0.3"
        }
      },
      "Microsoft.IdentityModel.Tokens": {
        "type": "Transitive",
        "resolved": "7.0.3",
        "contentHash": "wB+LlbDjhnJ98DULjmFepqf9eEMh/sDs6S6hFh68iNRHmwollwhxk+nbSSfpA5+j+FbRyNskoaY4JsY1iCOKCg==",
        "dependencies": {
          "Microsoft.IdentityModel.Logging": "7.0.3"
        }
      },
      "Microsoft.NETCore.Platforms": {
        "type": "Transitive",
        "resolved": "3.1.0",
        "contentHash": "z7aeg8oHln2CuNulfhiLYxCVMPEwBl3rzicjvIX+4sUuCwvXw5oXQEtbiU2c0z4qYL5L3Kmx0mMA/+t/SbY67w=="
      },
      "Microsoft.OpenApi": {
        "type": "Transitive",
        "resolved": "1.6.14",
        "contentHash": "tTaBT8qjk3xINfESyOPE2rIellPvB7qpVqiWiyA/lACVvz+xOGiXhFUfohcx82NLbi5avzLW0lx+s6oAqQijfw=="
      },
      "Microsoft.Win32.Registry": {
        "type": "Transitive",
        "resolved": "4.7.0",
        "contentHash": "KSrRMb5vNi0CWSGG1++id2ZOs/1QhRqROt+qgbEAdQuGjGrFcl4AOl4/exGPUYz2wUnU42nvJqon1T3U0kPXLA==",
        "dependencies": {
          "System.Security.AccessControl": "4.7.0",
          "System.Security.Principal.Windows": "4.7.0"
        }
      },
      "Microsoft.Win32.SystemEvents": {
        "type": "Transitive",
        "resolved": "4.7.0",
        "contentHash": "mtVirZr++rq+XCDITMUdnETD59XoeMxSpLRIII7JRI6Yj0LEDiO1pPn0ktlnIj12Ix8bfvQqQDMMIF9wC98oCA==",
        "dependencies": {
          "Microsoft.NETCore.Platforms": "3.1.0"
        }
      },
      "Swashbuckle.AspNetCore.Swagger": {
        "type": "Transitive",
        "resolved": "6.7.0",
        "contentHash": "qI1ntGtNnt1Nksi/oDNkmCULVrImHyLWodJhQzghGj9W6uKYMqVl8Y7M2oU8VbHTQZFImD2kYR9ay8LZkJwaqA==",
        "dependencies": {
          "Microsoft.OpenApi": "1.6.14"
        }
      },
      "Swashbuckle.AspNetCore.SwaggerGen": {
        "type": "Transitive",
        "resolved": "6.7.0",
        "contentHash": "e2eRUBYnMBWzyl0esJfcB4YHuG/boD6nmuDcKdRa+nYPU/57+kbZ3Ot4TGpRDTJcZ0BrWoQiYe5mWRy6whvTkQ==",
        "dependencies": {
          "Swashbuckle.AspNetCore.Swagger": "6.7.0"
        }
      },
      "Swashbuckle.AspNetCore.SwaggerUI": {
        "type": "Transitive",
        "resolved": "6.7.0",
        "contentHash": "Oxyf8IcU28J0FlEVpBhywIAMRo1gvOERMyIZ56iOdyLJSkhz4MJRo4MDR++q+gh+R2f2+4KnATUvpU4wHweZJg=="
      },
      "System.ClientModel": {
        "type": "Transitive",
        "resolved": "1.0.0",
        "contentHash": "I3CVkvxeqFYjIVEP59DnjbeoGNfo/+SZrCLpRz2v/g0gpCHaEMPtWSY0s9k/7jR1rAsLNg2z2u1JRB76tPjnIw==",
        "dependencies": {
          "System.Memory.Data": "1.0.2",
          "System.Text.Json": "4.7.2"
        }
      },
      "System.Diagnostics.DiagnosticSource": {
        "type": "Transitive",
        "resolved": "6.0.1",
        "contentHash": "KiLYDu2k2J82Q9BJpWiuQqCkFjRBWVq4jDzKKWawVi9KWzyD0XG3cmfX0vqTQlL14Wi9EufJrbL0+KCLTbqWiQ==",
        "dependencies": {
          "System.Runtime.CompilerServices.Unsafe": "6.0.0"
        }
      },
      "System.Drawing.Common": {
        "type": "Transitive",
        "resolved": "4.7.0",
        "contentHash": "v+XbyYHaZjDfn0ENmJEV1VYLgGgCTx1gnfOBcppowbpOAriglYgGCvFCPr2EEZyBvXlpxbEsTwkOlInl107ahA==",
        "dependencies": {
          "Microsoft.NETCore.Platforms": "3.1.0",
          "Microsoft.Win32.SystemEvents": "4.7.0"
        }
      },
      "System.IdentityModel.Tokens.Jwt": {
        "type": "Transitive",
        "resolved": "7.0.3",
        "contentHash": "caEe+OpQNYNiyZb+DJpUVROXoVySWBahko2ooNfUcllxa9ZQUM8CgM/mDjP6AoFn6cQU9xMmG+jivXWub8cbGg==",
        "dependencies": {
          "Microsoft.IdentityModel.JsonWebTokens": "7.0.3",
          "Microsoft.IdentityModel.Tokens": "7.0.3"
        }
      },
      "System.IO.Hashing": {
        "type": "Transitive",
        "resolved": "6.0.0",
        "contentHash": "Rfm2jYCaUeGysFEZjDe7j1R4x6Z6BzumS/vUT5a1AA/AWJuGX71PoGB0RmpyX3VmrGqVnAwtfMn39OHR8Y/5+g=="
      },
      "System.Memory": {
        "type": "Transitive",
        "resolved": "4.5.4",
        "contentHash": "1MbJTHS1lZ4bS4FmsJjnuGJOu88ZzTT2rLvrhW7Ygic+pC0NWA+3hgAen0HRdsocuQXCkUTdFn9yHJJhsijDXw=="
      },
      "System.Memory.Data": {
        "type": "Transitive",
        "resolved": "1.0.2",
        "contentHash": "JGkzeqgBsiZwKJZ1IxPNsDFZDhUvuEdX8L8BDC8N3KOj+6zMcNU28CNN59TpZE/VJYy9cP+5M+sbxtWJx3/xtw==",
        "dependencies": {
          "System.Text.Encodings.Web": "4.7.2",
          "System.Text.Json": "4.6.0"
        }
      },
      "System.Numerics.Vectors": {
        "type": "Transitive",
        "resolved": "4.5.0",
        "contentHash": "QQTlPTl06J/iiDbJCiepZ4H//BVraReU4O4EoRw1U02H5TLUIT7xn3GnDp9AXPSlJUDyFs4uWjWafNX6WrAojQ=="
      },
      "System.Runtime.CompilerServices.Unsafe": {
        "type": "Transitive",
        "resolved": "6.0.0",
        "contentHash": "/iUeP3tq1S0XdNNoMz5C9twLSrM/TH+qElHkXWaPvuNOt+99G75NrV0OS2EqHx5wMN7popYjpc8oTjC1y16DLg=="
      },
      "System.Security.AccessControl": {
        "type": "Transitive",
        "resolved": "4.7.0",
        "contentHash": "JECvTt5aFF3WT3gHpfofL2MNNP6v84sxtXxpqhLBCcDRzqsPBmHhQ6shv4DwwN2tRlzsUxtb3G9M3763rbXKDg==",
        "dependencies": {
          "Microsoft.NETCore.Platforms": "3.1.0",
          "System.Security.Principal.Windows": "4.7.0"
        }
      },
      "System.Security.Cryptography.Cng": {
        "type": "Transitive",
        "resolved": "4.7.0",
        "contentHash": "4WQjFuypWtxb/bl/YwEE7LYGn4fgpsikFfBU6xwEm4YBYiRAhXAEJ62lILBu2JJSFbClIAntFTGfDZafn8yZTg=="
      },
      "System.Security.Cryptography.Pkcs": {
        "type": "Transitive",
        "resolved": "4.7.0",
        "contentHash": "0Srzh6YlhjuMxaqMyeCCdZs22cucaUAG6SKDd3gNHBJmre0VZ71ekzWu9rvLD4YXPetyNdPvV6Qst+8C++9v3Q==",
        "dependencies": {
          "System.Security.Cryptography.Cng": "4.7.0"
        }
      },
      "System.Security.Cryptography.ProtectedData": {
        "type": "Transitive",
        "resolved": "4.7.0",
        "contentHash": "ehYW0m9ptxpGWvE4zgqongBVWpSDU/JCFD4K7krxkQwSz/sFQjEXCUqpvencjy6DYDbn7Ig09R8GFffu8TtneQ=="
      },
      "System.Security.Cryptography.Xml": {
        "type": "Transitive",
        "resolved": "4.7.1",
        "contentHash": "ddAre1QiT5cACLNWLLE3Smk61yhHr4IzQbt0FZiHsD63aFse0xSjbQU3+Fycc5elKhqNwgwk7ueOh3x9Rv9uIg==",
        "dependencies": {
          "System.Security.Cryptography.Pkcs": "4.7.0",
          "System.Security.Permissions": "4.7.0"
        }
      },
      "System.Security.Permissions": {
        "type": "Transitive",
        "resolved": "4.7.0",
        "contentHash": "dkOV6YYVBnYRa15/yv004eCGRBVADXw8qRbbNiCn/XpdJSUXkkUeIvdvFHkvnko4CdKMqG8yRHC4ox83LSlMsQ==",
        "dependencies": {
          "System.Security.AccessControl": "4.7.0",
          "System.Windows.Extensions": "4.7.0"
        }
      },
      "System.Security.Principal.Windows": {
        "type": "Transitive",
        "resolved": "4.7.0",
        "contentHash": "ojD0PX0XhneCsUbAZVKdb7h/70vyYMDYs85lwEI+LngEONe/17A0cFaRFqZU+sOEidcVswYWikYOQ9PPfjlbtQ=="
      },
      "System.Text.Encodings.Web": {
        "type": "Transitive",
        "resolved": "4.7.2",
        "contentHash": "iTUgB/WtrZ1sWZs84F2hwyQhiRH6QNjQv2DkwrH+WP6RoFga2Q1m3f9/Q7FG8cck8AdHitQkmkXSY8qylcDmuA=="
      },
      "System.Threading.Tasks.Extensions": {
        "type": "Transitive",
        "resolved": "4.5.4",
        "contentHash": "zteT+G8xuGu6mS+mzDzYXbzS7rd3K6Fjb9RiZlYlJPam2/hU7JCBZBVEcywNuR+oZ1ncTvc/cq0faRr3P01OVg=="
      },
      "System.Windows.Extensions": {
        "type": "Transitive",
        "resolved": "4.7.0",
        "contentHash": "CeWTdRNfRaSh0pm2gDTJFwVaXfTq6Xwv/sA887iwPTneW7oMtMlpvDIO+U60+3GWTB7Aom6oQwv5VZVUhQRdPQ==",
        "dependencies": {
          "System.Drawing.Common": "4.7.0"
        }
      },
      "vietgeeks.testplatform.sharedkernel": {
        "type": "Project"
      },
      "System.Text.Json": {
        "type": "CentralTransitive",
        "requested": "[8.0.4, )",
        "resolved": "4.7.2",
        "contentHash": "TcMd95wcrubm9nHvJEQs70rC0H/8omiSGGpU4FQ/ZA1URIqD4pjmFJh2Mfv1yH1eHgJDWTi2hMDXwTET+zOOyg=="
      }
    }
  }
}