{
  "version": 2,
  "dependencies": {
    "net8.0": {
      "Dapr.AspNetCore": {
        "type": "Direct",
        "requested": "[1.10.0, )",
        "resolved": "1.10.0",
        "contentHash": "uVViOuShrGZvlmbzeOql8YytSyCBQK6pzDe+Xu/d84FGG1O9pWaxvNABGSaT0voIIGVFfGJBNslqmaObsMu0gg==",
        "dependencies": {
          "Dapr.Client": "1.10.0",
          "System.IO.Pipelines": "4.7.2"
        }
      },
      "FluentValidation": {
        "type": "Direct",
        "requested": "[11.5.2, )",
        "resolved": "11.5.2",
        "contentHash": "kj/hW/iusp2zq1Vt1YPLgDj6UG0DhoJXGkLwjLwm3j7vUtRF8DVA5vHJfItG3BxDjLWJUR2pvw8fK7rnuysZNA=="
      },
      "FluentValidation.DependencyInjectionExtensions": {
        "type": "Direct",
        "requested": "[11.5.2, )",
        "resolved": "11.5.2",
        "contentHash": "ycibtdWdluIx0aTgQvO7Kjd5GjNRpD92z4/hEJc8u1luZ5ff1k0JpwPGmL+YFbPVYFk+A6gYIrVI4QdZfSJJdQ==",
        "dependencies": {
          "FluentValidation": "11.5.2",
          "Microsoft.Extensions.Dependencyinjection.Abstractions": "2.1.0"
        }
      },
      "Meziantou.Analyzer": {
        "type": "Direct",
        "requested": "[2.0.150, )",
        "resolved": "2.0.150",
        "contentHash": "rXKN4/Cf58Pv7uUWk4wcZtY+J9mve6wA1BHGYAf9SlpmiayA5fJ4wK2lflIwAkVo8n8HyNCeY3Ej4jwCdLk5nA=="
      },
      "Microsoft.AspNetCore.OpenApi": {
        "type": "Direct",
        "requested": "[8.0.5, )",
        "resolved": "8.0.5",
        "contentHash": "5DKqBOVuGkX6EQsA34MmzVo7UX/6HASveBObPe+E8GKDm391PvxDvgufhhywnbGvEl7DXUqfwdNr7l0efwlssQ==",
        "dependencies": {
          "Microsoft.OpenApi": "1.4.3"
        }
      },
      "Microsoft.CodeAnalysis.BannedApiAnalyzers": {
        "type": "Direct",
        "requested": "[3.11.0-beta1.24219.2, )",
        "resolved": "3.11.0-beta1.24219.2",
        "contentHash": "DE5050RuYJv4BWpL7qGhgr/MXil7hNMDgwJQsIgROb8hiqEZPaiRO/dwop/nqG3pMyFtQI6P+/NTz9mPcGitiQ=="
      },
      "Microsoft.VisualStudio.Azure.Containers.Tools.Targets": {
        "type": "Direct",
        "requested": "[1.21.0, )",
        "resolved": "1.21.0",
        "contentHash": "8NudeHOE56YsY59HYY89akRMup8Ho+7Y3cADTGjajjWroXVU9RQai2nA6PfteB8AuzmRHZ5NZQB2BnWhQEul5g=="
      },
      "Roslynator.Analyzers": {
        "type": "Direct",
        "requested": "[4.12.3, )",
        "resolved": "4.12.3",
        "contentHash": "6+O9GwAxOxJr1rZ4aaLiBiSH3pxDkJuXLE8qjo/JXLvGkZhKRLbAz30WA32RmJb5Nn1TmjZ2T3kWt3GJmEDj1w=="
      },
      "Roslynator.Formatting.Analyzers": {
        "type": "Direct",
        "requested": "[4.12.3, )",
        "resolved": "4.12.3",
        "contentHash": "zjaS+dUapHIxqE6izJ3VpLLAyvQ/JFVfu1RJI5vPunG2MBCClBBsXRkdz0LrmC3zRiX+NprHO//9EnmdMwl4/w=="
      },
      "AWSSDK.Core": {
        "type": "Transitive",
        "resolved": "3.7.100.14",
        "contentHash": "gnEgxBlk4PFEfdPE8Lkf4+D16MZFYSaW7/o6Wwe5e035QWUkTJX0Dn4LfTCdV5QSEL/fOFxu+yCAm55eIIBgog=="
      },
      "AWSSDK.SecurityToken": {
        "type": "Transitive",
        "resolved": "3.7.100.14",
        "contentHash": "dGCVuVo0CFUKWW85W8YENO+aREf8sCBDjvGbnNvxJuNW4Ss+brEU9ltHhq2KfZze2VUNK1/wygbPG1bmbpyXEw==",
        "dependencies": {
          "AWSSDK.Core": "[3.7.100.14, 4.0.0)"
        }
      },
      "Azure.Core": {
        "type": "Transitive",
        "resolved": "1.40.0",
        "contentHash": "eOx6wk3kQ3SCnoAj7IytAu/d99l07PdarmUc+RmMkVOTkcQ3s+UQEaGzMyEqC2Ua4SKnOW4Xw/klLeB5V2PiSA==",
        "dependencies": {
          "Microsoft.Bcl.AsyncInterfaces": "1.1.1",
          "System.ClientModel": "1.0.0",
          "System.Diagnostics.DiagnosticSource": "6.0.1",
          "System.Memory.Data": "1.0.2",
          "System.Numerics.Vectors": "4.5.0",
          "System.Text.Encodings.Web": "4.7.2",
          "System.Text.Json": "4.7.2",
          "System.Threading.Tasks.Extensions": "4.5.4"
        }
      },
      "Azure.Core.Amqp": {
        "type": "Transitive",
        "resolved": "1.3.0",
        "contentHash": "6GG4gyFkAuHtpBVkvj0wE5+lCM+ttsZlIWAipBkI+jlCUlTgrTiNUROBFnb8xuKoymVDw9Tf1W8RoKqgbd71lg==",
        "dependencies": {
          "Microsoft.Azure.Amqp": "2.6.1",
          "System.Memory": "4.5.4",
          "System.Memory.Data": "1.0.2"
        }
      },
      "Azure.Storage.Blobs": {
        "type": "Transitive",
        "resolved": "12.13.1",
        "contentHash": "bEJUFBS9wTk/ZJmJBsm/GktZenl2GVkxLHNC7SkeCd0cfKC1MP11EXV7e0NDySsFDEEjjGACb8Fau6lPTmXdsg==",
        "dependencies": {
          "Azure.Storage.Common": "12.12.0",
          "System.Text.Json": "4.7.2"
        }
      },
      "Azure.Storage.Common": {
        "type": "Transitive",
        "resolved": "12.12.0",
        "contentHash": "Ms0XsZ/D9Pcudfbqj+rWeCkhx/ITEq8isY0jkor9JFmDAEHsItFa2XrWkzP3vmJU6EsXQrk4snH63HkW/Jksvg==",
        "dependencies": {
          "Azure.Core": "1.25.0",
          "System.IO.Hashing": "6.0.0"
        }
      },
      "DnsClient": {
        "type": "Transitive",
        "resolved": "1.6.1",
        "contentHash": "4H/f2uYJOZ+YObZjpY9ABrKZI+JNw3uizp6oMzTXwDw6F+2qIPhpRl/1t68O/6e98+vqNiYGu+lswmwdYUy3gg==",
        "dependencies": {
          "Microsoft.Win32.Registry": "5.0.0"
        }
      },
      "Google.Api.CommonProtos": {
        "type": "Transitive",
        "resolved": "2.2.0",
        "contentHash": "mxXNYkHYL7T6NG8cdbodxpixQZfpozBkZj2g+jGCB/sO13RqfUvh9YHd8G2QI5HP24brl+nILJReC3/gzgsrrg==",
        "dependencies": {
          "Google.Protobuf": "[3.13.0, 4.0.0)"
        }
      },
      "Google.Protobuf": {
        "type": "Transitive",
        "resolved": "3.15.0",
        "contentHash": "2na7LsYrtxkEQaVCNjaafBzVu4IJ4U4+dwwBazK8oUkpDiIFjO0GkyTc+IbStx4xNVAV4EqHl+qp2uegFgFiiA==",
        "dependencies": {
          "System.Memory": "4.5.3",
          "System.Runtime.CompilerServices.Unsafe": "4.5.2"
        }
      },
      "Grpc.Core.Api": {
        "type": "Transitive",
        "resolved": "2.47.0",
        "contentHash": "oZXapxH/2WHAVALghNauo+r/bp6zjgQ6r0v8FizLLQg0/j/FkK2u3WZ7cLOL9Y5H4oLg+wLclO8FSvNTQpNR5Q==",
        "dependencies": {
          "System.Memory": "4.5.3"
        }
      },
      "Grpc.Net.Client": {
        "type": "Transitive",
        "resolved": "2.47.0",
        "contentHash": "DLbUC3T8dMmhA2iqpaJo0X4g7fAi3FyVbDd0/jBXrlqc/bcyA1wPBzLx6mWOWoGUb5S89xL2svnsM8SfzzNa2Q==",
        "dependencies": {
          "Grpc.Net.Common": "2.47.0",
          "Microsoft.Extensions.Logging.Abstractions": "3.0.3"
        }
      },
      "Grpc.Net.Common": {
        "type": "Transitive",
        "resolved": "2.47.0",
        "contentHash": "Cv76h7noEN2s9cwIdEspOeDjeqcU6Nm34OmjSbRhD/FDBXFmG7rmSfJTPCEB1LYjZWfmf7uUH+nYcHR1I7oQqw==",
        "dependencies": {
          "Grpc.Core.Api": "2.47.0"
        }
      },
      "Microsoft.AspNetCore.Cryptography.Internal": {
        "type": "Transitive",
        "resolved": "3.1.32",
        "contentHash": "tULjwFie6fYm4o6WfD+aHTTrps2I22MQVZpmEWaJumFmzZWA1nHsKezuCBl/u/iKiXtN3npL6MoINaiLHURr/A=="
      },
      "Microsoft.AspNetCore.DataProtection": {
        "type": "Transitive",
        "resolved": "3.1.32",
        "contentHash": "D46awzK+Q0jP7Bq0cQlsxQrhg7MBhlxG2z+U+9EzcbjcjaDzQvaD5/cxD+qKdu9bHMcSFf9fMr5wizSBPPai1Q==",
        "dependencies": {
          "Microsoft.AspNetCore.Cryptography.Internal": "3.1.32",
          "Microsoft.AspNetCore.DataProtection.Abstractions": "3.1.32",
          "Microsoft.Extensions.DependencyInjection.Abstractions": "3.1.32",
          "Microsoft.Extensions.Hosting.Abstractions": "3.1.32",
          "Microsoft.Extensions.Logging.Abstractions": "3.1.32",
          "Microsoft.Extensions.Options": "3.1.32",
          "Microsoft.Win32.Registry": "4.7.0",
          "System.Security.Cryptography.Xml": "4.7.1"
        }
      },
      "Microsoft.AspNetCore.DataProtection.Abstractions": {
        "type": "Transitive",
        "resolved": "3.1.32",
        "contentHash": "MPL4iVyiaRxnOUY5VATHjvhDWaAEFb77KFiUxVRklv3Z3v+STofUr1UG/aCt1O9cgN7FVTDaC5A7U+zsLub8Xg=="
      },
      "Microsoft.AspNetCore.Http.Features": {
        "type": "Transitive",
        "resolved": "2.2.0",
        "contentHash": "ziFz5zH8f33En4dX81LW84I6XrYXKf9jg6aM39cM+LffN9KJahViKZ61dGMSO2gd3e+qe5yBRwsesvyqlZaSMg==",
        "dependencies": {
          "Microsoft.Extensions.Primitives": "2.2.0"
        }
      },
      "Microsoft.Azure.Amqp": {
        "type": "Transitive",
        "resolved": "2.6.3",
        "contentHash": "iPbNNII4YZGkka7JQS0ZsZfZLcM7dwIoov/DyFiaemRqOTrdJCLgYnFBFhc/3TSh0ZI4/5TpxQPSPSckZ65jmA=="
      },
      "Microsoft.Bcl.AsyncInterfaces": {
        "type": "Transitive",
        "resolved": "1.1.1",
        "contentHash": "yuvf07qFWFqtK3P/MRkEKLhn5r2UbSpVueRziSqj0yJQIKFwG1pq9mOayK3zE5qZCTs0CbrwL9M6R8VwqyGy2w=="
      },
      "Microsoft.CSharp": {
        "type": "Transitive",
        "resolved": "4.7.0",
        "contentHash": "pTj+D3uJWyN3My70i2Hqo+OXixq3Os2D1nJ2x92FFo6sk8fYS1m1WLNTs0Dc1uPaViH0YvEEwvzddQ7y4rhXmA=="
      },
      "Microsoft.Extensions.ApiDescription.Server": {
        "type": "Transitive",
        "resolved": "6.0.5",
        "contentHash": "Ckb5EDBUNJdFWyajfXzUIMRkhf52fHZOQuuZg/oiu8y7zDCVwD0iHhew6MnThjHmevanpxL3f5ci2TtHQEN6bw=="
      },
      "Microsoft.Extensions.Configuration": {
        "type": "Transitive",
        "resolved": "2.1.0",
        "contentHash": "SS8ce1GYQTkZoOq5bskqQ+m7xiXQjnKRiGfVNZkkX2SX0HpXNRsKnSUaywRRuCje3v2KT9xeacsM3J9/G2exsQ==",
        "dependencies": {
          "Microsoft.Extensions.Configuration.Abstractions": "2.1.0"
        }
      },
      "Microsoft.Extensions.Configuration.Abstractions": {
        "type": "Transitive",
        "resolved": "3.1.32",
        "contentHash": "w8WEwVFYbTkoDQ/eJgGUPiL4SqZOiIVBkGxbkmnJAWnFxRigFk4WZla/3MDkN9fGSis6JwJfc57YgnleTw48AA==",
        "dependencies": {
          "Microsoft.Extensions.Primitives": "3.1.32"
        }
      },
      "Microsoft.Extensions.Configuration.Binder": {
        "type": "Transitive",
        "resolved": "2.1.0",
        "contentHash": "Fls0O54Ielz1DiVYpcmiUpeizN1iKGGI5yAWAoShfmUvMcQ8jAGOK1a+DaflHA5hN9IOKvmSos0yewDYAIY0ZA==",
        "dependencies": {
          "Microsoft.Extensions.Configuration": "2.1.0"
        }
      },
      "Microsoft.Extensions.FileProviders.Abstractions": {
        "type": "Transitive",
        "resolved": "3.1.32",
        "contentHash": "sS+U28IfgZSQUS2b3MayPdYGBJlHOWwgnfAZ77bZLkgU0z+lJz7lgzrKQUm9SgKF+OAc5B9kWJV5PB6l7mWWZA==",
        "dependencies": {
          "Microsoft.Extensions.Primitives": "3.1.32"
        }
      },
      "Microsoft.Extensions.Hosting.Abstractions": {
        "type": "Transitive",
        "resolved": "3.1.32",
        "contentHash": "00J6eE920t5vfPnEHBSGyj1Ya9lG6WYsMwqvLZ0nMPPTD2UxkaL+FNJM5DNSnMFJtV84KkUudPRngmNiCkqhuA==",
        "dependencies": {
          "Microsoft.Extensions.Configuration.Abstractions": "3.1.32",
          "Microsoft.Extensions.DependencyInjection.Abstractions": "3.1.32",
          "Microsoft.Extensions.FileProviders.Abstractions": "3.1.32",
          "Microsoft.Extensions.Logging.Abstractions": "3.1.32"
        }
      },
      "Microsoft.Extensions.Logging.Abstractions": {
        "type": "Transitive",
        "resolved": "3.1.32",
        "contentHash": "BShtU4APsEGa72vaj42rHc8CW40xpFp1dousoNeziHwOUFJLNOJP2wxKX2jyfer0nFaLSkIMtgKn+qeJtS3Pcw=="
      },
      "Microsoft.Extensions.Options": {
        "type": "Transitive",
        "resolved": "6.0.0",
        "contentHash": "dzXN0+V1AyjOe2xcJ86Qbo233KHuLEY0njf/P2Kw8SfJU+d45HNS2ctJdnEnrWbM9Ye2eFgaC5Mj9otRMU6IsQ==",
        "dependencies": {
          "Microsoft.Extensions.DependencyInjection.Abstractions": "6.0.0",
          "Microsoft.Extensions.Primitives": "6.0.0"
        }
      },
      "Microsoft.Extensions.Primitives": {
        "type": "Transitive",
        "resolved": "6.0.0",
        "contentHash": "9+PnzmQFfEFNR9J2aDTfJGGupShHjOuGw4VUv+JB044biSHrnmCIMD+mJHmb2H7YryrfBEXDurxQ47gJZdCKNQ==",
        "dependencies": {
          "System.Runtime.CompilerServices.Unsafe": "6.0.0"
        }
      },
      "Microsoft.Identity.Client": {
        "type": "Transitive",
        "resolved": "4.61.3",
        "contentHash": "naJo/Qm35Caaoxp5utcw+R8eU8ZtLz2ALh8S+gkekOYQ1oazfCQMWVT4NJ/FnHzdIJlm8dMz0oMpMGCabx5odA==",
        "dependencies": {
          "Microsoft.IdentityModel.Abstractions": "6.35.0",
          "System.Diagnostics.DiagnosticSource": "6.0.1"
        }
      },
      "Microsoft.Identity.Client.Extensions.Msal": {
        "type": "Transitive",
        "resolved": "4.61.3",
        "contentHash": "PWnJcznrSGr25MN8ajlc2XIDW4zCFu0U6FkpaNLEWLgd1NgFCp5uDY3mqLDgM8zCN8hqj8yo5wHYfLB2HjcdGw==",
        "dependencies": {
          "Microsoft.Identity.Client": "4.61.3",
          "System.Security.Cryptography.ProtectedData": "4.5.0"
        }
      },
      "Microsoft.IdentityModel.Abstractions": {
        "type": "Transitive",
        "resolved": "6.35.0",
        "contentHash": "xuR8E4Rd96M41CnUSCiOJ2DBh+z+zQSmyrYHdYhD6K4fXBcQGVnRCFQ0efROUYpP+p0zC1BLKr0JRpVuujTZSg=="
      },
      "Microsoft.IdentityModel.JsonWebTokens": {
        "type": "Transitive",
        "resolved": "6.15.1",
        "contentHash": "X5K/Pt02agb1V+khh5u7Q8hg02IVTshxV5owpR7UdQ9zfs0+A6qzca0F9jyv3o8SlOjEFHBabs+5cp7Noofzvg==",
        "dependencies": {
          "Microsoft.IdentityModel.Tokens": "6.15.1"
        }
      },
      "Microsoft.IdentityModel.Logging": {
        "type": "Transitive",
        "resolved": "6.15.1",
        "contentHash": "PpZHL/Bt/8vQ8g/6LxweuI1EusV0ogUBYnGM+bPeL/SG89gx2n05xKNE/U5JNEkLFLL+sk7O8T7c/PXhFtUtUg=="
      },
      "Microsoft.IdentityModel.Protocols": {
        "type": "Transitive",
        "resolved": "6.15.1",
        "contentHash": "6nHr+4yE8vj620Vy4L0pl7kmkvWc06wBrJ+AOo/gjqzu/UD/MYgySUqRGlZYrvvNmKkUWMw4hdn78MPCb4bstA==",
        "dependencies": {
          "Microsoft.IdentityModel.Logging": "6.15.1",
          "Microsoft.IdentityModel.Tokens": "6.15.1"
        }
      },
      "Microsoft.IdentityModel.Protocols.OpenIdConnect": {
        "type": "Transitive",
        "resolved": "6.15.1",
        "contentHash": "WwecgT/PNrytLNUWjkYtnnG2LXMAzkINSaZM+8dPPiEpOGz1bQDBWAenTSurYICxGoA1sOPriFXk+ocnQyprKw==",
        "dependencies": {
          "Microsoft.IdentityModel.Protocols": "6.15.1",
          "System.IdentityModel.Tokens.Jwt": "6.15.1"
        }
      },
      "Microsoft.IdentityModel.Tokens": {
        "type": "Transitive",
        "resolved": "6.15.1",
        "contentHash": "0bd0ocKuNai0/GdhboIW37R6z8I0vFqlmiPeG055SJxPPJ7dfBo2tjJ3bPV9vjFCRDuusj24dldOsg4hWui6iw==",
        "dependencies": {
          "Microsoft.CSharp": "4.5.0",
          "Microsoft.IdentityModel.Logging": "6.15.1",
          "System.Security.Cryptography.Cng": "4.5.0"
        }
      },
      "Microsoft.NETCore.Platforms": {
        "type": "Transitive",
        "resolved": "5.0.0",
        "contentHash": "VyPlqzH2wavqquTcYpkIIAQ6WdenuKoFN0BdYBbCWsclXacSOHNQn66Gt4z5NBqEYW0FAPm5rlvki9ZiCij5xQ=="
      },
      "Microsoft.OpenApi": {
        "type": "Transitive",
        "resolved": "1.6.14",
        "contentHash": "tTaBT8qjk3xINfESyOPE2rIellPvB7qpVqiWiyA/lACVvz+xOGiXhFUfohcx82NLbi5avzLW0lx+s6oAqQijfw=="
      },
      "Microsoft.Win32.Registry": {
        "type": "Transitive",
        "resolved": "5.0.0",
        "contentHash": "dDoKi0PnDz31yAyETfRntsLArTlVAVzUzCIvvEDsDsucrl33Dl8pIJG06ePTJTI3tGpeyHS9Cq7Foc/s4EeKcg==",
        "dependencies": {
          "System.Security.AccessControl": "5.0.0",
          "System.Security.Principal.Windows": "5.0.0"
        }
      },
      "Microsoft.Win32.SystemEvents": {
        "type": "Transitive",
        "resolved": "4.7.0",
        "contentHash": "mtVirZr++rq+XCDITMUdnETD59XoeMxSpLRIII7JRI6Yj0LEDiO1pPn0ktlnIj12Ix8bfvQqQDMMIF9wC98oCA==",
        "dependencies": {
          "Microsoft.NETCore.Platforms": "3.1.0"
        }
      },
      "MongoDB.Bson": {
        "type": "Transitive",
        "resolved": "2.19.2",
        "contentHash": "YpwSLKillPRj+BYEZU0dFgVHdCuj7uGIkLcyEc5a9zwJQYMbZkAc2CRVzobnDY9HMSCtyefXnkrz9CQ6C91KQA==",
        "dependencies": {
          "System.Runtime.CompilerServices.Unsafe": "5.0.0"
        }
      },
      "MongoDB.Driver": {
        "type": "Transitive",
        "resolved": "2.19.2",
        "contentHash": "xT2VA1KmjzxXQYuA8VbnM3r+DVVjja6ntD7YjesxkODAX3GkQLSgLLH+tS7R0uy/zZzA7YWEF1AKIJyxC7jfmA==",
        "dependencies": {
          "Microsoft.Extensions.Logging.Abstractions": "2.0.0",
          "MongoDB.Bson": "2.19.2",
          "MongoDB.Driver.Core": "2.19.2",
          "MongoDB.Libmongocrypt": "1.7.0"
        }
      },
      "MongoDB.Driver.Core": {
        "type": "Transitive",
        "resolved": "2.19.2",
        "contentHash": "MjZmAZLNCV+d/eW+X1YPNztEtEBosIX8qMFCoQAhJOoHotuJfTePt+Lp8sjxTDTCyaOtLhClIgefy3P9JaxUHw==",
        "dependencies": {
          "AWSSDK.SecurityToken": "3.7.100.14",
          "DnsClient": "1.6.1",
          "Microsoft.Extensions.Logging.Abstractions": "2.0.0",
          "MongoDB.Bson": "2.19.2",
          "MongoDB.Libmongocrypt": "1.7.0",
          "SharpCompress": "0.30.1",
          "Snappier": "1.0.0",
          "System.Buffers": "4.5.1",
          "ZstdSharp.Port": "0.6.2"
        }
      },
      "MongoDB.Libmongocrypt": {
        "type": "Transitive",
        "resolved": "1.7.0",
        "contentHash": "p9+peTZX63nGHskOLhvhfBtrknxNg1RzXepE07rPozuCGz27bMjCcQyvn2YByg0L3YEcNWdTmI4BlnG/5RF+5Q=="
      },
      "SharpCompress": {
        "type": "Transitive",
        "resolved": "0.30.1",
        "contentHash": "XqD4TpfyYGa7QTPzaGlMVbcecKnXy4YmYLDWrU+JIj7IuRNl7DH2END+Ll7ekWIY8o3dAMWLFDE1xdhfIWD1nw=="
      },
      "Snappier": {
        "type": "Transitive",
        "resolved": "1.0.0",
        "contentHash": "rFtK2KEI9hIe8gtx3a0YDXdHOpedIf9wYCEYtBEmtlyiWVX3XlCNV03JrmmAi/Cdfn7dxK+k0sjjcLv4fpHnqA=="
      },
      "Swashbuckle.AspNetCore.Swagger": {
        "type": "Transitive",
        "resolved": "6.7.0",
        "contentHash": "qI1ntGtNnt1Nksi/oDNkmCULVrImHyLWodJhQzghGj9W6uKYMqVl8Y7M2oU8VbHTQZFImD2kYR9ay8LZkJwaqA==",
        "dependencies": {
          "Microsoft.OpenApi": "1.6.14"
        }
      },
      "Swashbuckle.AspNetCore.SwaggerGen": {
        "type": "Transitive",
        "resolved": "6.7.0",
        "contentHash": "e2eRUBYnMBWzyl0esJfcB4YHuG/boD6nmuDcKdRa+nYPU/57+kbZ3Ot4TGpRDTJcZ0BrWoQiYe5mWRy6whvTkQ==",
        "dependencies": {
          "Swashbuckle.AspNetCore.Swagger": "6.7.0"
        }
      },
      "Swashbuckle.AspNetCore.SwaggerUI": {
        "type": "Transitive",
        "resolved": "6.7.0",
        "contentHash": "Oxyf8IcU28J0FlEVpBhywIAMRo1gvOERMyIZ56iOdyLJSkhz4MJRo4MDR++q+gh+R2f2+4KnATUvpU4wHweZJg=="
      },
      "System.Buffers": {
        "type": "Transitive",
        "resolved": "4.5.1",
        "contentHash": "Rw7ijyl1qqRS0YQD/WycNst8hUUMgrMH4FCn1nNm27M4VxchZ1js3fVjQaANHO5f3sN4isvP4a+Met9Y4YomAg=="
      },
      "System.ClientModel": {
        "type": "Transitive",
        "resolved": "1.0.0",
        "contentHash": "I3CVkvxeqFYjIVEP59DnjbeoGNfo/+SZrCLpRz2v/g0gpCHaEMPtWSY0s9k/7jR1rAsLNg2z2u1JRB76tPjnIw==",
        "dependencies": {
          "System.Memory.Data": "1.0.2",
          "System.Text.Json": "4.7.2"
        }
      },
      "System.Diagnostics.DiagnosticSource": {
        "type": "Transitive",
        "resolved": "6.0.1",
        "contentHash": "KiLYDu2k2J82Q9BJpWiuQqCkFjRBWVq4jDzKKWawVi9KWzyD0XG3cmfX0vqTQlL14Wi9EufJrbL0+KCLTbqWiQ==",
        "dependencies": {
          "System.Runtime.CompilerServices.Unsafe": "6.0.0"
        }
      },
      "System.Drawing.Common": {
        "type": "Transitive",
        "resolved": "4.7.0",
        "contentHash": "v+XbyYHaZjDfn0ENmJEV1VYLgGgCTx1gnfOBcppowbpOAriglYgGCvFCPr2EEZyBvXlpxbEsTwkOlInl107ahA==",
        "dependencies": {
          "Microsoft.NETCore.Platforms": "3.1.0",
          "Microsoft.Win32.SystemEvents": "4.7.0"
        }
      },
      "System.IdentityModel.Tokens.Jwt": {
        "type": "Transitive",
        "resolved": "6.15.1",
        "contentHash": "q3ZLyWmpX4+jW4XITf7Axd+9sC6w2NrQaKcQQT9A8waoknHgaNwSeookpUmPMQDqS0afT9Lh0JYub196vzuzbA==",
        "dependencies": {
          "Microsoft.IdentityModel.JsonWebTokens": "6.15.1",
          "Microsoft.IdentityModel.Tokens": "6.15.1"
        }
      },
      "System.IO.Hashing": {
        "type": "Transitive",
        "resolved": "6.0.0",
        "contentHash": "Rfm2jYCaUeGysFEZjDe7j1R4x6Z6BzumS/vUT5a1AA/AWJuGX71PoGB0RmpyX3VmrGqVnAwtfMn39OHR8Y/5+g=="
      },
      "System.IO.Pipelines": {
        "type": "Transitive",
        "resolved": "4.7.2",
        "contentHash": "rGIIhoY3lUdn9rWeuGdgeZZ0P+SpJ1wZI5g8TnXqgvuhFgUP7iP9Nt5FZebYInQZQxqnwjPxdYYBE5l/8PJmqQ=="
      },
      "System.Memory": {
        "type": "Transitive",
        "resolved": "4.5.4",
        "contentHash": "1MbJTHS1lZ4bS4FmsJjnuGJOu88ZzTT2rLvrhW7Ygic+pC0NWA+3hgAen0HRdsocuQXCkUTdFn9yHJJhsijDXw=="
      },
      "System.Memory.Data": {
        "type": "Transitive",
        "resolved": "1.0.2",
        "contentHash": "JGkzeqgBsiZwKJZ1IxPNsDFZDhUvuEdX8L8BDC8N3KOj+6zMcNU28CNN59TpZE/VJYy9cP+5M+sbxtWJx3/xtw==",
        "dependencies": {
          "System.Text.Encodings.Web": "4.7.2",
          "System.Text.Json": "4.6.0"
        }
      },
      "System.Net.Http.Json": {
        "type": "Transitive",
        "resolved": "5.0.0",
        "contentHash": "3CPSQpCzEmI9o+1G79TnPCjF40omCdnoXj2Rg76BDwGj5+LZnFPjV+t35eedlvl+uthmholk/XXxXTYgJWSexw=="
      },
      "System.Numerics.Vectors": {
        "type": "Transitive",
        "resolved": "4.5.0",
        "contentHash": "QQTlPTl06J/iiDbJCiepZ4H//BVraReU4O4EoRw1U02H5TLUIT7xn3GnDp9AXPSlJUDyFs4uWjWafNX6WrAojQ=="
      },
      "System.Runtime.CompilerServices.Unsafe": {
        "type": "Transitive",
        "resolved": "6.0.0",
        "contentHash": "/iUeP3tq1S0XdNNoMz5C9twLSrM/TH+qElHkXWaPvuNOt+99G75NrV0OS2EqHx5wMN7popYjpc8oTjC1y16DLg=="
      },
      "System.Security.AccessControl": {
        "type": "Transitive",
        "resolved": "5.0.0",
        "contentHash": "dagJ1mHZO3Ani8GH0PHpPEe/oYO+rVdbQjvjJkBRNQkX4t0r1iaeGn8+/ybkSLEan3/slM0t59SVdHzuHf2jmw==",
        "dependencies": {
          "Microsoft.NETCore.Platforms": "5.0.0",
          "System.Security.Principal.Windows": "5.0.0"
        }
      },
      "System.Security.Cryptography.Cng": {
        "type": "Transitive",
        "resolved": "4.7.0",
        "contentHash": "4WQjFuypWtxb/bl/YwEE7LYGn4fgpsikFfBU6xwEm4YBYiRAhXAEJ62lILBu2JJSFbClIAntFTGfDZafn8yZTg=="
      },
      "System.Security.Cryptography.Pkcs": {
        "type": "Transitive",
        "resolved": "4.7.0",
        "contentHash": "0Srzh6YlhjuMxaqMyeCCdZs22cucaUAG6SKDd3gNHBJmre0VZ71ekzWu9rvLD4YXPetyNdPvV6Qst+8C++9v3Q==",
        "dependencies": {
          "System.Security.Cryptography.Cng": "4.7.0"
        }
      },
      "System.Security.Cryptography.ProtectedData": {
        "type": "Transitive",
        "resolved": "4.7.0",
        "contentHash": "ehYW0m9ptxpGWvE4zgqongBVWpSDU/JCFD4K7krxkQwSz/sFQjEXCUqpvencjy6DYDbn7Ig09R8GFffu8TtneQ=="
      },
      "System.Security.Cryptography.Xml": {
        "type": "Transitive",
        "resolved": "4.7.1",
        "contentHash": "ddAre1QiT5cACLNWLLE3Smk61yhHr4IzQbt0FZiHsD63aFse0xSjbQU3+Fycc5elKhqNwgwk7ueOh3x9Rv9uIg==",
        "dependencies": {
          "System.Security.Cryptography.Pkcs": "4.7.0",
          "System.Security.Permissions": "4.7.0"
        }
      },
      "System.Security.Permissions": {
        "type": "Transitive",
        "resolved": "4.7.0",
        "contentHash": "dkOV6YYVBnYRa15/yv004eCGRBVADXw8qRbbNiCn/XpdJSUXkkUeIvdvFHkvnko4CdKMqG8yRHC4ox83LSlMsQ==",
        "dependencies": {
          "System.Security.AccessControl": "4.7.0",
          "System.Windows.Extensions": "4.7.0"
        }
      },
      "System.Security.Principal.Windows": {
        "type": "Transitive",
        "resolved": "5.0.0",
        "contentHash": "t0MGLukB5WAVU9bO3MGzvlGnyJPgUlcwerXn1kzBRjwLKixT96XV0Uza41W49gVd8zEMFu9vQEFlv0IOrytICA=="
      },
      "System.Text.Encodings.Web": {
        "type": "Transitive",
        "resolved": "8.0.0",
        "contentHash": "yev/k9GHAEGx2Rg3/tU6MQh4HGBXJs70y7j1LaM1i/ER9po+6nnQ6RRqTJn1E7Xu0fbIFK80Nh5EoODxrbxwBQ=="
      },
      "System.Threading.Tasks.Extensions": {
        "type": "Transitive",
        "resolved": "4.5.4",
        "contentHash": "zteT+G8xuGu6mS+mzDzYXbzS7rd3K6Fjb9RiZlYlJPam2/hU7JCBZBVEcywNuR+oZ1ncTvc/cq0faRr3P01OVg=="
      },
      "System.Windows.Extensions": {
        "type": "Transitive",
        "resolved": "4.7.0",
        "contentHash": "CeWTdRNfRaSh0pm2gDTJFwVaXfTq6Xwv/sA887iwPTneW7oMtMlpvDIO+U60+3GWTB7Aom6oQwv5VZVUhQRdPQ==",
        "dependencies": {
          "System.Drawing.Common": "4.7.0"
        }
      },
      "ThreadSafeRandomizer": {
        "type": "Transitive",
        "resolved": "1.1.4",
        "contentHash": "MYXHLpOnxK4X5e+1e8vYXzjbVJfEEWffMSQGZDgN7i68WXbhc/duD5ny/aGrsOoe0PlbRRbQGys56joSCmiTMg=="
      },
      "ZstdSharp.Port": {
        "type": "Transitive",
        "resolved": "0.6.2",
        "contentHash": "jPao/LdUNLUz8rn3H1D8W7wQbZsRZM0iayvWI4xGejJg3XJHT56gcmYdgmCGPdJF1UEBqUjucCRrFB+4HbJsbw=="
      },
      "vietgeeks.testplatform.accountmanager": {
        "type": "Project",
        "dependencies": {
          "AutoMapper": "[12.0.1, )",
          "AutoMapper.Extensions.Microsoft.DependencyInjection": "[12.0.1, )",
          "Dapr.AspNetCore": "[1.10.0, )",
          "Microsoft.AspNetCore.OpenApi": "[8.0.5, )",
          "Microsoft.Extensions.DependencyInjection.Abstractions": "[7.0.0, )",
          "Microsoft.VisualStudio.Azure.Containers.Tools.Targets": "[1.21.0, )",
          "MongoDB.Entities": "[22.0.0, )",
          "NodaTime": "[3.1.9, )",
          "Swashbuckle.AspNetCore": "[6.7.0, )",
          "VietGeeks.TestPlatform.AspNetCore": "[1.0.0, )",
          "VietGeeks.TestPlatform.Integration.Contract": "[1.0.0, )",
          "VietGeeks.TestPlatform.SharedKernel": "[1.0.0, )"
        }
      },
      "vietgeeks.testplatform.aspnetcore": {
        "type": "Project",
        "dependencies": {
          "Azure.Extensions.AspNetCore.DataProtection.Blobs": "[1.3.2, )",
          "Azure.Identity": "[1.12.0, )",
          "Microsoft.AspNetCore.Authentication.JwtBearer": "[7.0.5, )",
          "Microsoft.AspNetCore.Http.Abstractions": "[2.2.0, )",
          "Microsoft.Extensions.DependencyInjection.Abstractions": "[7.0.0, )",
          "Swashbuckle.AspNetCore": "[6.7.0, )",
          "VietGeeks.TestPlatform.SharedKernel": "[1.0.0, )"
        }
      },
      "vietgeeks.testplatform.integration.contract": {
        "type": "Project"
      },
      "vietgeeks.testplatform.sharedkernel": {
        "type": "Project"
      },
      "vietgeeks.testplatform.testmanager": {
        "type": "Project",
        "dependencies": {
          "AutoMapper": "[12.0.1, )",
          "AutoMapper.Extensions.Microsoft.DependencyInjection": "[12.0.1, )",
          "Azure.Messaging.ServiceBus": "[7.16.2, )",
          "Dapr.Client": "[1.10.0, )",
          "FluentValidation": "[11.5.2, )",
          "FluentValidation.DependencyInjectionExtensions": "[11.5.2, )",
          "LexoRank": "[1.0.10, )",
          "ListShuffle": "[1.1.5, )",
          "Microsoft.Extensions.Azure": "[1.6.3, )",
          "Microsoft.Extensions.DependencyInjection.Abstractions": "[7.0.0, )",
          "MongoDB.Entities": "[22.0.0, )",
          "System.ComponentModel.Annotations": "[5.0.0, )",
          "System.Text.Json": "[8.0.4, )",
          "VietGeeks.TestPlatform.AspNetCore": "[1.0.0, )",
          "VietGeeks.TestPlatform.Integration.Contract": "[1.0.0, )",
          "VietGeeks.TestPlatform.SharedKernel": "[1.0.0, )",
          "VietGeeks.TestPlatform.TestManager.Data": "[1.0.0, )",
          "shortid": "[4.0.0, )"
        }
      },
      "vietgeeks.testplatform.testmanager.data": {
        "type": "Project",
        "dependencies": {
          "ListShuffle": "[1.1.5, )",
          "MongoDB.Entities": "[22.0.0, )",
          "System.Text.Json": "[8.0.4, )",
          "VietGeeks.TestPlatform.SharedKernel": "[1.0.0, )"
        }
      },
      "AutoMapper": {
        "type": "CentralTransitive",
        "requested": "[12.0.1, )",
        "resolved": "12.0.1",
        "contentHash": "hvV62vl6Hp/WfQ24yzo3Co9+OPl8wH8hApwVtgWpiAynVJkUcs7xvehnSftawL8Pe8FrPffBRM3hwzLQqWDNjA==",
        "dependencies": {
          "Microsoft.CSharp": "4.7.0"
        }
      },
      "AutoMapper.Extensions.Microsoft.DependencyInjection": {
        "type": "CentralTransitive",
        "requested": "[12.0.1, )",
        "resolved": "12.0.1",
        "contentHash": "+g/K+Vpe3gGMKGzjslMOdqNlkikScDjWfVvmWTayrDHaG/n2pPmFBMa+jKX1r/h6BDGFdkyRjAuhFE3ykW+r1g==",
        "dependencies": {
          "AutoMapper": "[12.0.1]",
          "Microsoft.Extensions.Options": "6.0.0"
        }
      },
      "Azure.Extensions.AspNetCore.DataProtection.Blobs": {
        "type": "CentralTransitive",
        "requested": "[1.3.2, )",
        "resolved": "1.3.2",
        "contentHash": "Q9ovQbOu01s0rZhvyyQ+JXZPW29OWrGr8LoPDRE2uFcuJp1wrnfbvTqBaZWaDH83jH1I/ESUPOWDiIOWdl7OJw==",
        "dependencies": {
          "Azure.Core": "1.30.0",
          "Azure.Storage.Blobs": "12.13.1",
          "Microsoft.AspNetCore.DataProtection": "3.1.32"
        }
      },
      "Azure.Identity": {
        "type": "CentralTransitive",
        "requested": "[1.12.0, )",
        "resolved": "1.12.0",
        "contentHash": "OBIM3aPz8n9oEO5fdnee+Vsc5Nl4W3FeslPpESyDiyByntQI5BAa76KD60eFXm9ulevnwxGZP9YXL8Y+paI5Uw==",
        "dependencies": {
          "Azure.Core": "1.40.0",
          "Microsoft.Identity.Client": "4.61.3",
          "Microsoft.Identity.Client.Extensions.Msal": "4.61.3",
          "System.Memory": "4.5.4",
          "System.Security.Cryptography.ProtectedData": "4.7.0",
          "System.Text.Json": "4.7.2",
          "System.Threading.Tasks.Extensions": "4.5.4"
        }
      },
      "Azure.Messaging.ServiceBus": {
        "type": "CentralTransitive",
        "requested": "[7.16.2, )",
        "resolved": "7.16.2",
        "contentHash": "NYsS/NegOww3mXy0BbWidjvfgecTouUnf6KIkkj6my7FxruCV6IQKeNFC8EQ0Dpy2Cq8rf94yn14SorCY1lxCw==",
        "dependencies": {
          "Azure.Core": "1.35.0",
          "Azure.Core.Amqp": "1.3.0",
          "Microsoft.Azure.Amqp": "2.6.3",
          "Microsoft.Bcl.AsyncInterfaces": "1.1.1",
          "System.Memory.Data": "1.0.2"
        }
      },
      "Dapr.Client": {
        "type": "CentralTransitive",
        "requested": "[1.10.0, )",
        "resolved": "1.10.0",
        "contentHash": "tVX83aEzJYSHIcgKX6D5wtkFxBRAff4881SqM0xEEgPMWut8c37BpaF2Rlt9oTIeAvKTB5/yK5FyijNghvveHA==",
        "dependencies": {
          "Google.Api.CommonProtos": "2.2.0",
          "Google.Protobuf": "3.15.0",
          "Grpc.Net.Client": "2.47.0",
          "System.Net.Http.Json": "5.0.0"
        }
      },
      "LexoRank": {
        "type": "CentralTransitive",
        "requested": "[1.0.10, )",
        "resolved": "1.0.10",
        "contentHash": "CoyuQOPzz0TLD8N3pT/I4FOd+rdD0cIeOsZSjGpE40FMtiQv+XT0z7Vyp8TEHqW0c1PtTAG0wKQwQEPIrJkXmw=="
      },
      "ListShuffle": {
        "type": "CentralTransitive",
        "requested": "[1.1.5, )",
        "resolved": "1.1.5",
        "contentHash": "3Gde/ujDzQOeUHxqtYrRcDfeY985THfMT+Cv8QynqzoWc//3lsVgkKUEV7f0kQNjw+UDgvKMTdpRz09K4NwJyg==",
        "dependencies": {
          "ThreadSafeRandomizer": "1.1.4"
        }
      },
      "Microsoft.AspNetCore.Authentication.JwtBearer": {
        "type": "CentralTransitive",
        "requested": "[7.0.5, )",
        "resolved": "7.0.5",
        "contentHash": "dS6LPC7ZwJUcxcnB7KBh5L7iO9dbzEuVrNv2YrtiUCclcvBCfCJ/UKlvgHedjd4VcB6bzHcj3sEmFZlfH6qH0Q==",
        "dependencies": {
          "Microsoft.IdentityModel.Protocols.OpenIdConnect": "6.15.1"
        }
      },
      "Microsoft.AspNetCore.Http.Abstractions": {
        "type": "CentralTransitive",
        "requested": "[2.2.0, )",
        "resolved": "2.2.0",
        "contentHash": "Nxs7Z1q3f1STfLYKJSVXCs1iBl+Ya6E8o4Oy1bCxJ/rNI44E/0f6tbsrVqAWfB7jlnJfyaAtIalBVxPKUPQb4Q==",
        "dependencies": {
          "Microsoft.AspNetCore.Http.Features": "2.2.0",
          "System.Text.Encodings.Web": "4.5.0"
        }
      },
      "Microsoft.Extensions.Azure": {
        "type": "CentralTransitive",
        "requested": "[1.6.3, )",
        "resolved": "1.6.3",
        "contentHash": "7vffx5i+g4Fo7JS5sa38DLHSge83k1U4zTn0dc5enzTN5btdraH/l4CUds9sj2eJW2tQekoE9ZXqEIYKYgcyqA==",
        "dependencies": {
          "Azure.Core": "1.30.0",
          "Azure.Identity": "1.7.0",
          "Microsoft.Extensions.Configuration.Abstractions": "2.1.0",
          "Microsoft.Extensions.Configuration.Binder": "2.1.0",
          "Microsoft.Extensions.DependencyInjection.Abstractions": "2.1.0",
          "Microsoft.Extensions.Logging.Abstractions": "2.1.0",
          "Microsoft.Extensions.Options": "2.1.0"
        }
      },
      "Microsoft.Extensions.DependencyInjection.Abstractions": {
        "type": "CentralTransitive",
        "requested": "[7.0.0, )",
        "resolved": "7.0.0",
        "contentHash": "h3j/QfmFN4S0w4C2A6X7arXij/M/OVw3uQHSOFxnND4DyAzO1F9eMX7Eti7lU/OkSthEE0WzRsfT/Dmx86jzCw=="
      },
      "MongoDB.Entities": {
        "type": "CentralTransitive",
        "requested": "[22.0.0, )",
        "resolved": "22.0.0",
        "contentHash": "WT09ttV3v7+wHpEAkxpTRQyTbxEa4gywYxWcT2xuYI/TOeohReOOfed29XBgGWZI9qdrCt0gMDEGbXbkwXJBsA==",
        "dependencies": {
          "Microsoft.CSharp": "4.7.0",
          "MongoDB.Driver": "2.19.2"
        }
      },
      "NodaTime": {
        "type": "CentralTransitive",
        "requested": "[3.1.9, )",
        "resolved": "3.1.9",
        "contentHash": "EzjwDOtsETlXWBDE6qvTQqc3guP+9xrAOf9j1mHL++UD4VeZay+dbCPNnXyZhoQMkKAOZ/+hIOtz7STl0Rkknw==",
        "dependencies": {
          "System.Runtime.CompilerServices.Unsafe": "4.7.1"
        }
      },
      "shortid": {
        "type": "CentralTransitive",
        "requested": "[4.0.0, )",
        "resolved": "4.0.0",
        "contentHash": "iiOsFHiZLfmUxViNKWAmLYi6xCJanKBYlxe163pkK4C+k9vnkWdCNCPouNWukn/F147k3bLq0tEFEQhlGMLqjA=="
      },
      "Swashbuckle.AspNetCore": {
        "type": "CentralTransitive",
        "requested": "[6.7.0, )",
        "resolved": "6.7.0",
        "contentHash": "nrkZMoflCvTKj2yckJ1k/tQu53IRGHYkKp7ESiQETkAaUXzn05CYlCl/DY9kBBbFqefHWIwC/9VmYisD44jqlA==",
        "dependencies": {
          "Microsoft.Extensions.ApiDescription.Server": "6.0.5",
          "Swashbuckle.AspNetCore.Swagger": "6.7.0",
          "Swashbuckle.AspNetCore.SwaggerGen": "6.7.0",
          "Swashbuckle.AspNetCore.SwaggerUI": "6.7.0"
        }
      },
      "System.ComponentModel.Annotations": {
        "type": "CentralTransitive",
        "requested": "[5.0.0, )",
        "resolved": "5.0.0",
        "contentHash": "dMkqfy2el8A8/I76n2Hi1oBFEbG1SfxD2l5nhwXV3XjlnOmwxJlQbYpJH4W51odnU9sARCSAgv7S3CyAFMkpYg=="
      },
      "System.Text.Json": {
        "type": "CentralTransitive",
        "requested": "[8.0.4, )",
        "resolved": "8.0.4",
        "contentHash": "bAkhgDJ88XTsqczoxEMliSrpijKZHhbJQldhAmObj/RbrN3sU5dcokuXmWJWsdQAhiMJ9bTayWsL1C9fbbCRhw==",
        "dependencies": {
          "System.Text.Encodings.Web": "8.0.0"
        }
      }
    }
  }
}